
Microsoft Visual Studio Solution File, Format Version 12.00
# Visual Studio Version 16
VisualStudioVersion = 16.0.28917.181
MinimumVisualStudioVersion = 10.0.40219.1
Project("{FAE04EC0-301F-11D3-BF4B-00C04F79EFBC}") = "EksempelProsjektet", "EksempelProsjektet\EksempelProsjektet.csproj", "{8D1DEDA1-24F6-4892-9385-B82C613A9465}"
EndProject
Global
	GlobalSection(SolutionConfigurationPlatforms) = preSolution
		Debug|Any CPU = Debug|Any CPU
		Release|Any CPU = Release|Any CPU
	EndGlobalSection
	GlobalSection(ProjectConfigurationPlatforms) = postSolution
		{8D1DEDA1-24F6-4892-9385-B82C613A9465}.Debug|Any CPU.ActiveCfg = Debug|Any CPU
		{8D1DEDA1-24F6-4892-9385-B82C613A9465}.Debug|Any CPU.Build.0 = Debug|Any CPU
		{8D1DEDA1-24F6-4892-9385-B82C613A9465}.Release|Any CPU.ActiveCfg = Release|Any CPU
		{8D1DEDA1-24F6-4892-9385-B82C613A9465}.Release|Any CPU.Build.0 = Release|Any CPU
	EndGlobalSection
	GlobalSection(SolutionProperties) = preSolution
		HideSolutionNode = FALSE
	EndGlobalSection
	GlobalSection(ExtensibilityGlobals) = postSolution
		SolutionGuid = {EB6C9AE6-A322-4E1F-8D1C-2D946476FBB7}
	EndGlobalSection
EndGlobal
